
Microsoft Visual Studio Solution File, Format Version 12.00
# Visual Studio Version 17
VisualStudioVersion = 17.0.31903.59
MinimumVisualStudioVersion = 10.0.40219.1
Project("{FAE04EC0-301F-11D3-BF4B-00C04F79EFBC}") = "APIPublisher", "APIPublisher\APIPublisher.csproj", "{249BB972-5FF7-478B-B894-F53C498C3F70}"
EndProject
Project("{FAE04EC0-301F-11D3-BF4B-00C04F79EFBC}") = "APIExemplar", "APIExemplar\APIExemplar.csproj", "{AE52557C-04CB-4D11-ADD1-96A1D16F76B1}"
EndProject
Project("{FAE04EC0-301F-11D3-BF4B-00C04F79EFBC}") = "APICategories", "APICategories\APICategories.csproj", "{FACCFF4B-4DC0-4826-81B7-4360B191D7B5}"
EndProject
Project("{FAE04EC0-301F-11D3-BF4B-00C04F79EFBC}") = "APIAuthors", "APIAuthors\APIAuthors.csproj", "{4EBC6121-DDAB-41C4-857E-678B73141AA5}"
EndProject
Project("{FAE04EC0-301F-11D3-BF4B-00C04F79EFBC}") = "APIClients", "APIClients\APIClients.csproj", "{B06BEB53-5B5A-44A1-9533-BFB82E1375DC}"
EndProject
Project("{FAE04EC0-301F-11D3-BF4B-00C04F79EFBC}") = "APIAuthorsTest", "APIAuthorsTest\APIAuthorsTest.csproj", "{06CFAE06-122F-46AB-9BFB-F9FF5529E29A}"
EndProject
Project("{FAE04EC0-301F-11D3-BF4B-00C04F79EFBC}") = "APICategoriesTest", "APICategoriesTest\APICategoriesTest.csproj", "{086696B4-5136-46EA-A5F9-992B786EF717}"
EndProject
Project("{FAE04EC0-301F-11D3-BF4B-00C04F79EFBC}") = "APIClientsTest", "APIClientsTest\APIClientsTest.csproj", "{13929450-C728-465E-B3C4-31BAA4BBA341}"
EndProject
Project("{FAE04EC0-301F-11D3-BF4B-00C04F79EFBC}") = "APIExemplarTest", "APIExemplarTest\APIExemplarTest.csproj", "{143179C8-941B-4105-933F-337AB74A6A37}"
EndProject
Project("{FAE04EC0-301F-11D3-BF4B-00C04F79EFBC}") = "APIPublisherTest", "APIPublisherTest\APIPublisherTest.csproj", "{3E2ABCB1-9D7B-42C9-BA7B-B22193335EAF}"
EndProject
Global
	GlobalSection(SolutionConfigurationPlatforms) = preSolution
		Debug|Any CPU = Debug|Any CPU
		Release|Any CPU = Release|Any CPU
		APIAuthors|Any CPU = APIAuthors|Any CPU
		APICategories|Any CPU = APICategories|Any CPU
		APIExemplar|Any CPU = APIExemplar|Any CPU
		APIPublisher|Any CPU = APIPublisher|Any CPU
		APIClients|Any CPU = APIClients|Any CPU
	EndGlobalSection
	GlobalSection(SolutionProperties) = preSolution
		HideSolutionNode = FALSE
	EndGlobalSection
	GlobalSection(ProjectConfigurationPlatforms) = postSolution
		{249BB972-5FF7-478B-B894-F53C498C3F70}.Debug|Any CPU.ActiveCfg = Debug|Any CPU
		{249BB972-5FF7-478B-B894-F53C498C3F70}.Debug|Any CPU.Build.0 = Debug|Any CPU
		{249BB972-5FF7-478B-B894-F53C498C3F70}.Release|Any CPU.ActiveCfg = Release|Any CPU
		{249BB972-5FF7-478B-B894-F53C498C3F70}.Release|Any CPU.Build.0 = Release|Any CPU
		{249BB972-5FF7-478B-B894-F53C498C3F70}.APIPublisher|Any CPU.ActiveCfg = APIPublisher|Any CPU
		{249BB972-5FF7-478B-B894-F53C498C3F70}.APIPublisher|Any CPU.Build.0 = APIPublisher|Any CPU
		{249BB972-5FF7-478B-B894-F53C498C3F70}.APIAuthors|Any CPU.ActiveCfg = APIPublisher|Any CPU
		{249BB972-5FF7-478B-B894-F53C498C3F70}.APICategories|Any CPU.ActiveCfg = APIPublisher|Any CPU
		{249BB972-5FF7-478B-B894-F53C498C3F70}.APIClients|Any CPU.ActiveCfg = APIPublisher|Any CPU
		{249BB972-5FF7-478B-B894-F53C498C3F70}.APIExemplar|Any CPU.ActiveCfg = APIPublisher|Any CPU
		{AE52557C-04CB-4D11-ADD1-96A1D16F76B1}.Debug|Any CPU.ActiveCfg = Debug|Any CPU
		{AE52557C-04CB-4D11-ADD1-96A1D16F76B1}.Debug|Any CPU.Build.0 = Debug|Any CPU
		{AE52557C-04CB-4D11-ADD1-96A1D16F76B1}.Release|Any CPU.ActiveCfg = Release|Any CPU
		{AE52557C-04CB-4D11-ADD1-96A1D16F76B1}.Release|Any CPU.Build.0 = Release|Any CPU
		{AE52557C-04CB-4D11-ADD1-96A1D16F76B1}.APIExemplar|Any CPU.ActiveCfg = APIExemplar|Any CPU
		{AE52557C-04CB-4D11-ADD1-96A1D16F76B1}.APIExemplar|Any CPU.Build.0 = APIExemplar|Any CPU
		{AE52557C-04CB-4D11-ADD1-96A1D16F76B1}.APIPublisher|Any CPU.ActiveCfg = APIExemplar|Any CPU
		{AE52557C-04CB-4D11-ADD1-96A1D16F76B1}.APIAuthors|Any CPU.ActiveCfg = APIExemplar|Any CPU
		{AE52557C-04CB-4D11-ADD1-96A1D16F76B1}.APICategories|Any CPU.ActiveCfg = APIExemplar|Any CPU
		{AE52557C-04CB-4D11-ADD1-96A1D16F76B1}.APIClients|Any CPU.ActiveCfg = APIExemplar|Any CPU
		{FACCFF4B-4DC0-4826-81B7-4360B191D7B5}.Debug|Any CPU.ActiveCfg = Debug|Any CPU
		{FACCFF4B-4DC0-4826-81B7-4360B191D7B5}.Debug|Any CPU.Build.0 = Debug|Any CPU
		{FACCFF4B-4DC0-4826-81B7-4360B191D7B5}.Release|Any CPU.ActiveCfg = Release|Any CPU
		{FACCFF4B-4DC0-4826-81B7-4360B191D7B5}.Release|Any CPU.Build.0 = Release|Any CPU
		{FACCFF4B-4DC0-4826-81B7-4360B191D7B5}.APICategories|Any CPU.ActiveCfg = APICategories|Any CPU
		{FACCFF4B-4DC0-4826-81B7-4360B191D7B5}.APICategories|Any CPU.Build.0 = APICategories|Any CPU
		{FACCFF4B-4DC0-4826-81B7-4360B191D7B5}.APIPublisher|Any CPU.ActiveCfg = APICategories|Any CPU
		{FACCFF4B-4DC0-4826-81B7-4360B191D7B5}.APIAuthors|Any CPU.ActiveCfg = APICategories|Any CPU
		{FACCFF4B-4DC0-4826-81B7-4360B191D7B5}.APIClients|Any CPU.ActiveCfg = APICategories|Any CPU
		{FACCFF4B-4DC0-4826-81B7-4360B191D7B5}.APIExemplar|Any CPU.ActiveCfg = APICategories|Any CPU
		{4EBC6121-DDAB-41C4-857E-678B73141AA5}.Debug|Any CPU.ActiveCfg = Debug|Any CPU
		{4EBC6121-DDAB-41C4-857E-678B73141AA5}.Debug|Any CPU.Build.0 = Debug|Any CPU
		{4EBC6121-DDAB-41C4-857E-678B73141AA5}.Release|Any CPU.ActiveCfg = Release|Any CPU
		{4EBC6121-DDAB-41C4-857E-678B73141AA5}.Release|Any CPU.Build.0 = Release|Any CPU
		{4EBC6121-DDAB-41C4-857E-678B73141AA5}.APIAuthors|Any CPU.ActiveCfg = APIAuthors|Any CPU
		{4EBC6121-DDAB-41C4-857E-678B73141AA5}.APIAuthors|Any CPU.Build.0 = APIAuthors|Any CPU
		{4EBC6121-DDAB-41C4-857E-678B73141AA5}.APIPublisher|Any CPU.ActiveCfg = APIAuthors|Any CPU
		{4EBC6121-DDAB-41C4-857E-678B73141AA5}.APICategories|Any CPU.ActiveCfg = APIAuthors|Any CPU
		{4EBC6121-DDAB-41C4-857E-678B73141AA5}.APIClients|Any CPU.ActiveCfg = APIAuthors|Any CPU
		{4EBC6121-DDAB-41C4-857E-678B73141AA5}.APIExemplar|Any CPU.ActiveCfg = APIAuthors|Any CPU
		{B06BEB53-5B5A-44A1-9533-BFB82E1375DC}.Debug|Any CPU.ActiveCfg = Debug|Any CPU
		{B06BEB53-5B5A-44A1-9533-BFB82E1375DC}.Debug|Any CPU.Build.0 = Debug|Any CPU
		{B06BEB53-5B5A-44A1-9533-BFB82E1375DC}.Release|Any CPU.ActiveCfg = Release|Any CPU
		{B06BEB53-5B5A-44A1-9533-BFB82E1375DC}.Release|Any CPU.Build.0 = Release|Any CPU
		{B06BEB53-5B5A-44A1-9533-BFB82E1375DC}.APIClients|Any CPU.ActiveCfg = APIClients|Any CPU
		{B06BEB53-5B5A-44A1-9533-BFB82E1375DC}.APIClients|Any CPU.Build.0 = APIClients|Any CPU
		{B06BEB53-5B5A-44A1-9533-BFB82E1375DC}.APIPublisher|Any CPU.ActiveCfg = APIClients|Any CPU
		{B06BEB53-5B5A-44A1-9533-BFB82E1375DC}.APIAuthors|Any CPU.ActiveCfg = APIClients|Any CPU
		{B06BEB53-5B5A-44A1-9533-BFB82E1375DC}.APICategories|Any CPU.ActiveCfg = APIClients|Any CPU
		{B06BEB53-5B5A-44A1-9533-BFB82E1375DC}.APIExemplar|Any CPU.ActiveCfg = APIClients|Any CPU
		{06CFAE06-122F-46AB-9BFB-F9FF5529E29A}.Debug|Any CPU.ActiveCfg = Debug|Any CPU
		{06CFAE06-122F-46AB-9BFB-F9FF5529E29A}.Debug|Any CPU.Build.0 = Debug|Any CPU
		{06CFAE06-122F-46AB-9BFB-F9FF5529E29A}.Release|Any CPU.ActiveCfg = Release|Any CPU
		{06CFAE06-122F-46AB-9BFB-F9FF5529E29A}.Release|Any CPU.Build.0 = Release|Any CPU
		{06CFAE06-122F-46AB-9BFB-F9FF5529E29A}.APIAuthors|Any CPU.ActiveCfg = Debug|Any CPU
		{06CFAE06-122F-46AB-9BFB-F9FF5529E29A}.APIAuthors|Any CPU.Build.0 = Debug|Any CPU
		{06CFAE06-122F-46AB-9BFB-F9FF5529E29A}.APICategories|Any CPU.ActiveCfg = Debug|Any CPU
		{06CFAE06-122F-46AB-9BFB-F9FF5529E29A}.APIExemplar|Any CPU.ActiveCfg = Debug|Any CPU
		{06CFAE06-122F-46AB-9BFB-F9FF5529E29A}.APIPublisher|Any CPU.ActiveCfg = Debug|Any CPU
		{06CFAE06-122F-46AB-9BFB-F9FF5529E29A}.APIClients|Any CPU.ActiveCfg = Debug|Any CPU
		{086696B4-5136-46EA-A5F9-992B786EF717}.Debug|Any CPU.ActiveCfg = Debug|Any CPU
		{086696B4-5136-46EA-A5F9-992B786EF717}.Debug|Any CPU.Build.0 = Debug|Any CPU
		{086696B4-5136-46EA-A5F9-992B786EF717}.Release|Any CPU.ActiveCfg = Release|Any CPU
		{086696B4-5136-46EA-A5F9-992B786EF717}.Release|Any CPU.Build.0 = Release|Any CPU
		{086696B4-5136-46EA-A5F9-992B786EF717}.APIAuthors|Any CPU.ActiveCfg = Debug|Any CPU
		{086696B4-5136-46EA-A5F9-992B786EF717}.APIAuthors|Any CPU.Build.0 = Debug|Any CPU
		{086696B4-5136-46EA-A5F9-992B786EF717}.APICategories|Any CPU.ActiveCfg = Debug|Any CPU
		{086696B4-5136-46EA-A5F9-992B786EF717}.APICategories|Any CPU.Build.0 = Debug|Any CPU
		{086696B4-5136-46EA-A5F9-992B786EF717}.APIExemplar|Any CPU.ActiveCfg = Debug|Any CPU
		{086696B4-5136-46EA-A5F9-992B786EF717}.APIExemplar|Any CPU.Build.0 = Debug|Any CPU
		{086696B4-5136-46EA-A5F9-992B786EF717}.APIPublisher|Any CPU.ActiveCfg = Debug|Any CPU
		{086696B4-5136-46EA-A5F9-992B786EF717}.APIPublisher|Any CPU.Build.0 = Debug|Any CPU
		{086696B4-5136-46EA-A5F9-992B786EF717}.APIClients|Any CPU.ActiveCfg = Debug|Any CPU
		{086696B4-5136-46EA-A5F9-992B786EF717}.APIClients|Any CPU.Build.0 = Debug|Any CPU
		{13929450-C728-465E-B3C4-31BAA4BBA341}.Debug|Any CPU.ActiveCfg = Debug|Any CPU
		{13929450-C728-465E-B3C4-31BAA4BBA341}.Debug|Any CPU.Build.0 = Debug|Any CPU
		{13929450-C728-465E-B3C4-31BAA4BBA341}.Release|Any CPU.ActiveCfg = Release|Any CPU
		{13929450-C728-465E-B3C4-31BAA4BBA341}.Release|Any CPU.Build.0 = Release|Any CPU
		{13929450-C728-465E-B3C4-31BAA4BBA341}.APIAuthors|Any CPU.ActiveCfg = Debug|Any CPU
		{13929450-C728-465E-B3C4-31BAA4BBA341}.APIAuthors|Any CPU.Build.0 = Debug|Any CPU
		{13929450-C728-465E-B3C4-31BAA4BBA341}.APICategories|Any CPU.ActiveCfg = Debug|Any CPU
		{13929450-C728-465E-B3C4-31BAA4BBA341}.APICategories|Any CPU.Build.0 = Debug|Any CPU
		{13929450-C728-465E-B3C4-31BAA4BBA341}.APIExemplar|Any CPU.ActiveCfg = Debug|Any CPU
		{13929450-C728-465E-B3C4-31BAA4BBA341}.APIExemplar|Any CPU.Build.0 = Debug|Any CPU
		{13929450-C728-465E-B3C4-31BAA4BBA341}.APIPublisher|Any CPU.ActiveCfg = Debug|Any CPU
		{13929450-C728-465E-B3C4-31BAA4BBA341}.APIPublisher|Any CPU.Build.0 = Debug|Any CPU
		{13929450-C728-465E-B3C4-31BAA4BBA341}.APIClients|Any CPU.ActiveCfg = Debug|Any CPU
		{13929450-C728-465E-B3C4-31BAA4BBA341}.APIClients|Any CPU.Build.0 = Debug|Any CPU
		{143179C8-941B-4105-933F-337AB74A6A37}.Debug|Any CPU.ActiveCfg = Debug|Any CPU
		{143179C8-941B-4105-933F-337AB74A6A37}.Debug|Any CPU.Build.0 = Debug|Any CPU
		{143179C8-941B-4105-933F-337AB74A6A37}.Release|Any CPU.ActiveCfg = Release|Any CPU
		{143179C8-941B-4105-933F-337AB74A6A37}.Release|Any CPU.Build.0 = Release|Any CPU
		{143179C8-941B-4105-933F-337AB74A6A37}.APIAuthors|Any CPU.ActiveCfg = Debug|Any CPU
		{143179C8-941B-4105-933F-337AB74A6A37}.APIAuthors|Any CPU.Build.0 = Debug|Any CPU
		{143179C8-941B-4105-933F-337AB74A6A37}.APICategories|Any CPU.ActiveCfg = Debug|Any CPU
		{143179C8-941B-4105-933F-337AB74A6A37}.APICategories|Any CPU.Build.0 = Debug|Any CPU
		{143179C8-941B-4105-933F-337AB74A6A37}.APIExemplar|Any CPU.ActiveCfg = Debug|Any CPU
		{143179C8-941B-4105-933F-337AB74A6A37}.APIExemplar|Any CPU.Build.0 = Debug|Any CPU
		{143179C8-941B-4105-933F-337AB74A6A37}.APIPublisher|Any CPU.ActiveCfg = Debug|Any CPU
		{143179C8-941B-4105-933F-337AB74A6A37}.APIPublisher|Any CPU.Build.0 = Debug|Any CPU
		{143179C8-941B-4105-933F-337AB74A6A37}.APIClients|Any CPU.ActiveCfg = Debug|Any CPU
		{143179C8-941B-4105-933F-337AB74A6A37}.APIClients|Any CPU.Build.0 = Debug|Any CPU
		{3E2ABCB1-9D7B-42C9-BA7B-B22193335EAF}.Debug|Any CPU.ActiveCfg = Debug|Any CPU
		{3E2ABCB1-9D7B-42C9-BA7B-B22193335EAF}.Debug|Any CPU.Build.0 = Debug|Any CPU
		{3E2ABCB1-9D7B-42C9-BA7B-B22193335EAF}.Release|Any CPU.ActiveCfg = Release|Any CPU
		{3E2ABCB1-9D7B-42C9-BA7B-B22193335EAF}.Release|Any CPU.Build.0 = Release|Any CPU
		{3E2ABCB1-9D7B-42C9-BA7B-B22193335EAF}.APIAuthors|Any CPU.ActiveCfg = Debug|Any CPU
		{3E2ABCB1-9D7B-42C9-BA7B-B22193335EAF}.APIAuthors|Any CPU.Build.0 = Debug|Any CPU
		{3E2ABCB1-9D7B-42C9-BA7B-B22193335EAF}.APICategories|Any CPU.ActiveCfg = Debug|Any CPU
		{3E2ABCB1-9D7B-42C9-BA7B-B22193335EAF}.APICategories|Any CPU.Build.0 = Debug|Any CPU
		{3E2ABCB1-9D7B-42C9-BA7B-B22193335EAF}.APIExemplar|Any CPU.ActiveCfg = Debug|Any CPU
		{3E2ABCB1-9D7B-42C9-BA7B-B22193335EAF}.APIExemplar|Any CPU.Build.0 = Debug|Any CPU
		{3E2ABCB1-9D7B-42C9-BA7B-B22193335EAF}.APIPublisher|Any CPU.ActiveCfg = Debug|Any CPU
		{3E2ABCB1-9D7B-42C9-BA7B-B22193335EAF}.APIPublisher|Any CPU.Build.0 = Debug|Any CPU
		{3E2ABCB1-9D7B-42C9-BA7B-B22193335EAF}.APIClients|Any CPU.ActiveCfg = Debug|Any CPU
		{3E2ABCB1-9D7B-42C9-BA7B-B22193335EAF}.APIClients|Any CPU.Build.0 = Debug|Any CPU
	EndGlobalSection
EndGlobal
